# This file is autogenerated, do not edit; changes may be undone by the next 'dep ensure'.


[[projects]]
  digest = "1:5c3894b2aa4d6bead0ceeea6831b305d62879c871780e7b76296ded1b004bc57"
  name = "cloud.google.com/go"
  packages = ["compute/metadata"]
  pruneopts = "UT"
  revision = "dfffe386c33fb24c34ee501e5723df5b97b98514"
  version = "v0.30.0"

[[projects]]
  branch = "master"
  digest = "1:636ac9f696c988f0038afd43592f7a0fff29038588ab1064ba8ba3476bb41091"
  name = "github.com/adlio/trello"
  packages = ["."]
  pruneopts = "UT"
  revision = "e4cc07c871d0ee17c5579131fc1c786efbb5fe2a"

[[projects]]
  digest = "1:9253f97cfbbe049b631877c80badecc69620711b3e335f6cf97a7809681da388"
  name = "github.com/alecthomas/chroma"
  packages = [
    ".",
    "formatters",
    "formatters/html",
    "lexers",
    "lexers/a",
    "lexers/b",
    "lexers/c",
    "lexers/circular",
    "lexers/d",
    "lexers/e",
    "lexers/f",
    "lexers/g",
    "lexers/h",
    "lexers/i",
    "lexers/internal",
    "lexers/j",
    "lexers/k",
    "lexers/l",
    "lexers/m",
    "lexers/n",
    "lexers/o",
    "lexers/p",
    "lexers/q",
    "lexers/r",
    "lexers/s",
    "lexers/t",
    "lexers/v",
    "lexers/w",
    "lexers/x",
    "lexers/y",
    "styles",
  ]
  pruneopts = "UT"
  revision = "5d7fef2ae60b501bbf28d476c3f273b8017d8261"
  version = "v0.5.0"

[[projects]]
  branch = "master"
  digest = "1:579829cc9bf515e2f9e39f91df03b9333c311402bac5a4935dc8ef81e3a57160"
  name = "github.com/andygrunwald/go-gerrit"
  packages = ["."]
  pruneopts = "UT"
  revision = "30ce279197661497040ec81c4b64539562eb2d4b"

[[projects]]
  branch = "master"
  digest = "1:6d7646b01dbbacd8c50be0cbddbcb633619f819e51f47a4114c8d4518ae7ac02"
  name = "github.com/briandowns/openweathermap"
  packages = ["."]
  pruneopts = "UT"
  revision = "5f41b7c9d92de5d74bf32f4486375c7547bc8a3c"

[[projects]]
  digest = "1:2209584c0f7c9b68c23374e659357ab546e1b70eec2761f03280f69a8fd23d77"
  name = "github.com/cenkalti/backoff"
  packages = ["."]
  pruneopts = "UT"
  revision = "2ea60e5f094469f9e65adb9cd103795b73ae743e"
  version = "v2.0.0"

[[projects]]
  branch = "master"
  digest = "1:710109527a119c813d4fac773712dd92f449ed7c2f7b81f49822f94d290c8f72"
  name = "github.com/danwakefield/fnmatch"
  packages = ["."]
  pruneopts = "UT"
  revision = "cbb64ac3d964b81592e64f957ad53df015803288"

[[projects]]
  branch = "master"
  digest = "1:e3e85f98942fe3b51b8f9316d8d1dc1925353b26639d456030368ae278bb0475"
  name = "github.com/darkSasori/todoist"
  packages = ["."]
  pruneopts = "UT"
  revision = "ec6b38b374ab9c60cc9716d2083ae66eb9383d03"

[[projects]]
  digest = "1:ffe9824d294da03b391f44e1ae8281281b4afc1bdaa9588c9097785e3af10cec"
  name = "github.com/davecgh/go-spew"
  packages = ["spew"]
  pruneopts = "UT"
  revision = "8991bc29aa16c548c550c7ff78260e27b9ab7c73"
  version = "v1.1.1"

[[projects]]
  digest = "1:72dc2b6056e7097f829260e4a2ff08d32fec6017df1982a66e110ab4128486f8"
  name = "github.com/dlclark/regexp2"
  packages = [
    ".",
    "syntax",
  ]
  pruneopts = "UT"
  revision = "487489b64fb796de2e55f4e8a4ad1e145f80e957"
  version = "v1.1.6"

[[projects]]
  digest = "1:6f9339c912bbdda81302633ad7e99a28dfa5a639c864061f1929510a9a64aa74"
  name = "github.com/dustin/go-humanize"
  packages = ["."]
  pruneopts = "UT"
  revision = "9f541cc9db5d55bce703bd99987c9d5cb8eea45e"
  version = "v1.0.0"

[[projects]]
  branch = "master"
  digest = "1:40d0056c1b1f503c366ba441df92a82b5a2654d6f3747b1689a611eb5c9ce0a2"
  name = "github.com/gdamore/encoding"
  packages = ["."]
  pruneopts = "UT"
  revision = "b23993cbb6353f0e6aa98d0ee318a34728f628b9"

[[projects]]
  branch = "master"
  digest = "1:490cf9d7deec1b0dcac6cc8b17f307c48c4821bc2140d46e48175a83acbfe40d"
  name = "github.com/gdamore/tcell"
  packages = [
    ".",
    "terminfo",
  ]
  pruneopts = "UT"
  revision = "493f3b46b3c20880afc8e04ceeb1c6d5aa3363d7"

[[projects]]
  digest = "1:57fa4c058c21ce25d0b7272518dd746065117abf6cc706158b0d361202024520"
  name = "github.com/godbus/dbus"
  packages = ["."]
  pruneopts = "UT"
  revision = "a389bdde4dd695d414e47b755e95e72b7826432c"
  version = "v4.1.0"

[[projects]]
  digest = "1:97df918963298c287643883209a2c3f642e6593379f97ab400c2a2e219ab647d"
  name = "github.com/golang/protobuf"
  packages = ["proto"]
  pruneopts = "UT"
  revision = "aa810b61a9c79d51363740d207bb46cf8e620ed5"
  version = "v1.2.0"

[[projects]]
  branch = "master"
  digest = "1:8c90219e8a1f5f7cad019b77697aaae2b236db5a1a46ae688e5ede406e109182"
  name = "github.com/google/go-github"
  packages = ["github"]
  pruneopts = "UT"
  revision = "68a79fc6a32bab9406083545e667a65ba67b0a3e"

[[projects]]
  digest = "1:a63cff6b5d8b95638bfe300385d93b2a6d9d687734b863da8e09dc834510a690"
  name = "github.com/google/go-querystring"
  packages = ["query"]
  pruneopts = "UT"
  revision = "44c6ddd0a2342c386950e880b658017258da92fc"
  version = "v1.0.0"

[[projects]]
  digest = "1:a2cff208d4759f6ba1b1cd228587b0a1869f95f22542ec9cd17fff64430113c7"
  name = "github.com/jessevdk/go-flags"
  packages = ["."]
  pruneopts = "UT"
  revision = "c6ca198ec95c841fdb89fc0de7496fed11ab854e"
  version = "v1.4.0"

[[projects]]
  digest = "1:c65a16ac77d0b1aefc7009cabb6ac5ad05def02025f5be85f450c03f52cc6f86"
  name = "github.com/lucasb-eyer/go-colorful"
  packages = ["."]
  pruneopts = "UT"
  revision = "345fbb3dbcdb252d9985ee899a84963c0fa24c82"
  version = "v1.0"

[[projects]]
  digest = "1:cdb899c199f907ac9fb50495ec71212c95cb5b0e0a8ee0800da0238036091033"
  name = "github.com/mattn/go-runewidth"
  packages = ["."]
  pruneopts = "UT"
  revision = "ce7b0b5c7b45a81508558cd1dba6bb1e4ddb51bb"
  version = "v0.0.3"

[[projects]]
  branch = "master"
  digest = "1:2277d06c9dcd34d70119b624115f3d74672647322349bb76a8adedbc623a3955"
  name = "github.com/olebedev/config"
  packages = ["."]
  pruneopts = "UT"
  revision = "57f804269e64d41bfe46efb76232c47f49d40902"

[[projects]]
  digest = "1:40e195917a951a8bf867cd05de2a46aaf1806c50cf92eebf4c16f78cd196f747"
  name = "github.com/pkg/errors"
  packages = ["."]
  pruneopts = "UT"
  revision = "645ef00459ed84a119197bfb8d8205042c6df63d"
  version = "v0.8.0"

[[projects]]
  digest = "1:cfa0d7741863a0e1d30e0ccdd4b48a96a471cdb47892303de8b92c3713af3e77"
  name = "github.com/pkg/profile"
  packages = ["."]
  pruneopts = "UT"
  revision = "5b67d428864e92711fcbd2f8629456121a56d91f"
  version = "v1.2.1"

[[projects]]
  digest = "1:0028cb19b2e4c3112225cd871870f2d9cf49b9b4276531f03438a88e94be86fe"
  name = "github.com/pmezard/go-difflib"
  packages = ["difflib"]
  pruneopts = "UT"
  revision = "792786c7400a136282c1664665ae0a8db921c6c2"
  version = "v1.0.0"

[[projects]]
  digest = "1:0665976cc6d8c2e60dafca32820b6b7eca70f37ded0bcccc103388e1c0d05c53"
  name = "github.com/radovskyb/watcher"
  packages = ["."]
  pruneopts = "UT"
  revision = "6145e1439b9de93806925353403f91d2abbad8a5"
  version = "v1.0.2"

[[projects]]
  branch = "master"
  digest = "1:00d9f4017b55d590139b77fbd851aef56f179479fc40a4afdedaf187e828f99d"
  name = "github.com/rivo/tview"
  packages = ["."]
  pruneopts = "UT"
  revision = "a7c1880d62d37422830f0a15823b51301ca9f354"

[[projects]]
  branch = "master"
  digest = "1:93ff598337cb35c40079a1ba766729c20eb1756e37f5740eac4c8e943f59664d"
  name = "github.com/sticreations/spotigopher"
  packages = ["spotigopher"]
  pruneopts = "UT"
  revision = "98632f6f94b087f2582be76980f76bc070d37176"

[[projects]]
  digest = "1:18752d0b95816a1b777505a97f71c7467a8445b8ffb55631a7bf779f6ba4fa83"
  name = "github.com/stretchr/testify"
  packages = ["assert"]
  pruneopts = "UT"
  revision = "f35b8ab0b5a2cef36673838d662e249dd9c94686"
  version = "v1.2.2"

[[projects]]
  branch = "master"
  digest = "1:afc7e1c726a88e6cd5689cca19fbc86128dffe86fd37e3e0841767f3a951182e"
  name = "github.com/xanzy/go-gitlab"
  packages = ["."]
  pruneopts = "UT"
  revision = "1444249c1b2a8e4cdb5a76dc9c8d02d1133180be"

[[projects]]
  branch = "master"
  digest = "1:3b19ea715e070a74397f3cfe950f0b555e66a3c23461e553777f52112a81b0e6"
  name = "github.com/yfronto/newrelic"
  packages = ["."]
  pruneopts = "UT"
  revision = "7c9c2852e8f9e69a80bff4f4f1fe4cdd15eeba19"

[[projects]]
  branch = "master"
  digest = "1:1ff6915a45fb06d272e614e72219aa058aefc545f597a708eb0cc6cb778c344a"
  name = "github.com/zmb3/spotify"
  packages = ["."]
  pruneopts = "UT"
  revision = "a4bd83f60e06ab58f3516c61680d0532aabf470e"

[[projects]]
  branch = "master"
  digest = "1:02a2f8f0718f239866000d2d1bca016d14f0f6de37615c315f34da17dc630259"
  name = "github.com/zorkian/go-datadog-api"
  packages = ["."]
  pruneopts = "UT"
  revision = "dc324c09cf05eef3e3a82bde06ae0c4dd349a767"

[[projects]]
  branch = "master"
  digest = "1:d6b719875cf8091fbab38527d81d34e71f4521b9ee9ccfbd4a32cff2ac5af96e"
  name = "golang.org/x/net"
  packages = [
    "context",
    "context/ctxhttp",
  ]
  pruneopts = "UT"
  revision = "04a2e542c03f1d053ab3e4d6e5abcd4b66e2be8e"

[[projects]]
  branch = "master"
  digest = "1:faa25cb78cf9c8cec9345d4ed07322cdef6a8c968b3d0a6b6c3609067c7386eb"
  name = "golang.org/x/oauth2"
  packages = [
    ".",
    "google",
    "internal",
    "jws",
    "jwt",
  ]
  pruneopts = "UT"
  revision = "9dcd33a902f40452422c2367fefcb95b54f9f8f8"

[[projects]]
  digest = "1:37672ad5821719e2df8509c2edd4ba5ae192463237c73c3a2d24ef8b2bc9e36f"
  name = "golang.org/x/text"
  packages = [
    "encoding",
    "encoding/internal/identifier",
    "internal/gen",
    "transform",
    "unicode/cldr",
  ]
  pruneopts = "UT"
  revision = "f21a4dfb5e38f5895301dc265a8def02365cc3d0"
  version = "v0.3.0"

[[projects]]
  branch = "master"
  digest = "1:a1d58b7c9eeceeac201a6f6b10092cd2a5985791a45843c838151ee3f751d3c3"
  name = "google.golang.org/api"
  packages = [
    "calendar/v3",
    "gensupport",
    "googleapi",
    "googleapi/internal/uritemplates",
    "sheets/v4",
  ]
  pruneopts = "UT"
  revision = "a2651947f503a1793446d4058bb073a6fdf99e53"

[[projects]]
  digest = "1:193950893ea275f89ed92e5da11ed8fa1436872f755a9ea5d4afa83dc9d9c3a8"
  name = "google.golang.org/appengine"
  packages = [
    ".",
    "internal",
    "internal/app_identity",
    "internal/base",
    "internal/datastore",
    "internal/log",
    "internal/modules",
    "internal/remote_api",
    "internal/urlfetch",
    "urlfetch",
  ]
  pruneopts = "UT"
  revision = "ae0ab99deb4dc413a2b4bd6c8bdd0eb67f1e4d06"
  version = "v1.2.0"

[[projects]]
  digest = "1:342378ac4dcb378a5448dd723f0784ae519383532f5e70ade24132c4c8693202"
  name = "gopkg.in/yaml.v2"
  packages = ["."]
  pruneopts = "UT"
  revision = "5420a8b6744d3b0345ab293f6fcba19c978f1183"
  version = "v2.2.1"

[solve-meta]
  analyzer-name = "dep"
  analyzer-version = 1
  input-imports = [
    "github.com/adlio/trello",
    "github.com/alecthomas/chroma/formatters",
    "github.com/alecthomas/chroma/lexers",
    "github.com/alecthomas/chroma/styles",
    "github.com/andygrunwald/go-gerrit",
    "github.com/briandowns/openweathermap",
    "github.com/darkSasori/todoist",
    "github.com/dustin/go-humanize",
    "github.com/gdamore/tcell",
    "github.com/google/go-github/github",
    "github.com/jessevdk/go-flags",
    "github.com/olebedev/config",
    "github.com/pkg/profile",
    "github.com/radovskyb/watcher",
    "github.com/rivo/tview",
    "github.com/sticreations/spotigopher/spotigopher",
    "github.com/stretchr/testify/assert",
    "github.com/xanzy/go-gitlab",
    "github.com/yfronto/newrelic",
    "github.com/zmb3/spotify",
    "github.com/zorkian/go-datadog-api",
    "golang.org/x/oauth2",
    "golang.org/x/oauth2/google",
    "google.golang.org/api/calendar/v3",
    "google.golang.org/api/sheets/v4",
    "gopkg.in/yaml.v2",
  ]
  solver-name = "gps-cdcl"
  solver-version = 1
